// !$*UTF8*$!
{
	archiveVersion = 1;
	classes = {
	};
	objectVersion = 46;
	objects = {

/* Begin PBXBuildFile section */
		D50634111CB7F3C900008358 /* ContactCustomTableViewCell.m in Sources */ = {isa = PBXBuildFile; fileRef = D50634101CB7F3C900008358 /* ContactCustomTableViewCell.m */; };
		D509A9EF1C9947E50068624D /* SetingsViewController.m in Sources */ = {isa = PBXBuildFile; fileRef = D509A9EE1C9947E50068624D /* SetingsViewController.m */; };
		D509A9F21C9947FB0068624D /* CameraViewController.m in Sources */ = {isa = PBXBuildFile; fileRef = D509A9F11C9947FB0068624D /* CameraViewController.m */; };
		D509A9F51C9948220068624D /* ContactsViewController.m in Sources */ = {isa = PBXBuildFile; fileRef = D509A9F41C9948220068624D /* ContactsViewController.m */; };
		D5DCB3A01CB2F1E500B89EB4 /* CreateContactViewController.m in Sources */ = {isa = PBXBuildFile; fileRef = D5DCB39F1CB2F1E500B89EB4 /* CreateContactViewController.m */; };
		D5F9FA7D1C96F0E400A0760F /* main.m in Sources */ = {isa = PBXBuildFile; fileRef = D5F9FA7C1C96F0E400A0760F /* main.m */; };
		D5F9FA801C96F0E400A0760F /* AppDelegate.m in Sources */ = {isa = PBXBuildFile; fileRef = D5F9FA7F1C96F0E400A0760F /* AppDelegate.m */; };
		D5F9FA831C96F0E400A0760F /* VisitingCardsForStoryBoard.xcdatamodeld in Sources */ = {isa = PBXBuildFile; fileRef = D5F9FA811C96F0E400A0760F /* VisitingCardsForStoryBoard.xcdatamodeld */; };
		D5F9FA861C96F0E400A0760F /* ViewController.m in Sources */ = {isa = PBXBuildFile; fileRef = D5F9FA851C96F0E400A0760F /* ViewController.m */; };
		D5F9FA891C96F0E400A0760F /* Main.storyboard in Resources */ = {isa = PBXBuildFile; fileRef = D5F9FA871C96F0E400A0760F /* Main.storyboard */; };
		D5F9FA8B1C96F0E400A0760F /* Images.xcassets in Resources */ = {isa = PBXBuildFile; fileRef = D5F9FA8A1C96F0E400A0760F /* Images.xcassets */; };
		D5F9FA8E1C96F0E400A0760F /* LaunchScreen.xib in Resources */ = {isa = PBXBuildFile; fileRef = D5F9FA8C1C96F0E400A0760F /* LaunchScreen.xib */; };
		D5F9FA9A1C96F0E400A0760F /* VisitingCardsForStoryBoardTests.m in Sources */ = {isa = PBXBuildFile; fileRef = D5F9FA991C96F0E400A0760F /* VisitingCardsForStoryBoardTests.m */; };
		D5F9FAB31C97137E00A0760F /* Camera-50@1x.png in Resources */ = {isa = PBXBuildFile; fileRef = D5F9FAB21C97137E00A0760F /* Camera-50@1x.png */; };
		D5F9FAB51C973E1A00A0760F /* Camera-50@2x.png in Resources */ = {isa = PBXBuildFile; fileRef = D5F9FAB41C973E1A00A0760F /* Camera-50@2x.png */; };
		D5F9FAB71C973F7400A0760F /* Contact Card-50@1x.png in Resources */ = {isa = PBXBuildFile; fileRef = D5F9FAB61C973F7400A0760F /* Contact Card-50@1x.png */; };
		D5F9FAB91C973F8800A0760F /* Contact Card-50@2x.png in Resources */ = {isa = PBXBuildFile; fileRef = D5F9FAB81C973F8800A0760F /* Contact Card-50@2x.png */; };
		D5F9FABB1C973FAC00A0760F /* Settings-50@1x.png in Resources */ = {isa = PBXBuildFile; fileRef = D5F9FABA1C973FAC00A0760F /* Settings-50@1x.png */; };
		D5F9FABD1C973FC200A0760F /* Settings-50@2x.png in Resources */ = {isa = PBXBuildFile; fileRef = D5F9FABC1C973FC200A0760F /* Settings-50@2x.png */; };
		D5F9FAC01C975E1200A0760F /* Contact.m in Sources */ = {isa = PBXBuildFile; fileRef = D5F9FABF1C975E1200A0760F /* Contact.m */; };
/* End PBXBuildFile section */

/* Begin PBXContainerItemProxy section */
		D5F9FA941C96F0E400A0760F /* PBXContainerItemProxy */ = {
			isa = PBXContainerItemProxy;
			containerPortal = D5F9FA6F1C96F0E400A0760F /* Project object */;
			proxyType = 1;
			remoteGlobalIDString = D5F9FA761C96F0E400A0760F;
			remoteInfo = VisitingCardsForStoryBoard;
		};
/* End PBXContainerItemProxy section */

/* Begin PBXFileReference section */
		D506340F1CB7F3C900008358 /* ContactCustomTableViewCell.h */ = {isa = PBXFileReference; fileEncoding = 4; lastKnownFileType = sourcecode.c.h; path = ContactCustomTableViewCell.h; sourceTree = "<group>"; };
		D50634101CB7F3C900008358 /* ContactCustomTableViewCell.m */ = {isa = PBXFileReference; fileEncoding = 4; lastKnownFileType = sourcecode.c.objc; path = ContactCustomTableViewCell.m; sourceTree = "<group>"; };
		D509A9ED1C9947E50068624D /* SetingsViewController.h */ = {isa = PBXFileReference; fileEncoding = 4; lastKnownFileType = sourcecode.c.h; path = SetingsViewController.h; sourceTree = "<group>"; };
		D509A9EE1C9947E50068624D /* SetingsViewController.m */ = {isa = PBXFileReference; fileEncoding = 4; lastKnownFileType = sourcecode.c.objc; path = SetingsViewController.m; sourceTree = "<group>"; };
		D509A9F01C9947FB0068624D /* CameraViewController.h */ = {isa = PBXFileReference; fileEncoding = 4; lastKnownFileType = sourcecode.c.h; path = CameraViewController.h; sourceTree = "<group>"; };
		D509A9F11C9947FB0068624D /* CameraViewController.m */ = {isa = PBXFileReference; fileEncoding = 4; lastKnownFileType = sourcecode.c.objc; path = CameraViewController.m; sourceTree = "<group>"; };
		D509A9F31C9948220068624D /* ContactsViewController.h */ = {isa = PBXFileReference; fileEncoding = 4; lastKnownFileType = sourcecode.c.h; path = ContactsViewController.h; sourceTree = "<group>"; };
		D509A9F41C9948220068624D /* ContactsViewController.m */ = {isa = PBXFileReference; fileEncoding = 4; lastKnownFileType = sourcecode.c.objc; path = ContactsViewController.m; sourceTree = "<group>"; };
		D5DCB39E1CB2F1E500B89EB4 /* CreateContactViewController.h */ = {isa = PBXFileReference; fileEncoding = 4; lastKnownFileType = sourcecode.c.h; path = CreateContactViewController.h; sourceTree = "<group>"; };
		D5DCB39F1CB2F1E500B89EB4 /* CreateContactViewController.m */ = {isa = PBXFileReference; fileEncoding = 4; lastKnownFileType = sourcecode.c.objc; path = CreateContactViewController.m; sourceTree = "<group>"; };
		D5F9FA771C96F0E400A0760F /* VisitingCardsForStoryBoard.app */ = {isa = PBXFileReference; explicitFileType = wrapper.application; includeInIndex = 0; path = VisitingCardsForStoryBoard.app; sourceTree = BUILT_PRODUCTS_DIR; };
		D5F9FA7B1C96F0E400A0760F /* Info.plist */ = {isa = PBXFileReference; lastKnownFileType = text.plist.xml; path = Info.plist; sourceTree = "<group>"; };
		D5F9FA7C1C96F0E400A0760F /* main.m */ = {isa = PBXFileReference; lastKnownFileType = sourcecode.c.objc; path = main.m; sourceTree = "<group>"; };
		D5F9FA7E1C96F0E400A0760F /* AppDelegate.h */ = {isa = PBXFileReference; lastKnownFileType = sourcecode.c.h; path = AppDelegate.h; sourceTree = "<group>"; };
		D5F9FA7F1C96F0E400A0760F /* AppDelegate.m */ = {isa = PBXFileReference; lastKnownFileType = sourcecode.c.objc; path = AppDelegate.m; sourceTree = "<group>"; };
		D5F9FA821C96F0E400A0760F /* VisitingCardsForStoryBoard.xcdatamodel */ = {isa = PBXFileReference; lastKnownFileType = wrapper.xcdatamodel; path = VisitingCardsForStoryBoard.xcdatamodel; sourceTree = "<group>"; };
		D5F9FA841C96F0E400A0760F /* ViewController.h */ = {isa = PBXFileReference; lastKnownFileType = sourcecode.c.h; path = ViewController.h; sourceTree = "<group>"; };
		D5F9FA851C96F0E400A0760F /* ViewController.m */ = {isa = PBXFileReference; lastKnownFileType = sourcecode.c.objc; path = ViewController.m; sourceTree = "<group>"; };
		D5F9FA881C96F0E400A0760F /* Base */ = {isa = PBXFileReference; lastKnownFileType = file.storyboard; name = Base; path = Base.lproj/Main.storyboard; sourceTree = "<group>"; };
		D5F9FA8A1C96F0E400A0760F /* Images.xcassets */ = {isa = PBXFileReference; lastKnownFileType = folder.assetcatalog; path = Images.xcassets; sourceTree = "<group>"; };
		D5F9FA8D1C96F0E400A0760F /* Base */ = {isa = PBXFileReference; lastKnownFileType = file.xib; name = Base; path = Base.lproj/LaunchScreen.xib; sourceTree = "<group>"; };
		D5F9FA931C96F0E400A0760F /* VisitingCardsForStoryBoardTests.xctest */ = {isa = PBXFileReference; explicitFileType = wrapper.cfbundle; includeInIndex = 0; path = VisitingCardsForStoryBoardTests.xctest; sourceTree = BUILT_PRODUCTS_DIR; };
		D5F9FA981C96F0E400A0760F /* Info.plist */ = {isa = PBXFileReference; lastKnownFileType = text.plist.xml; path = Info.plist; sourceTree = "<group>"; };
		D5F9FA991C96F0E400A0760F /* VisitingCardsForStoryBoardTests.m */ = {isa = PBXFileReference; lastKnownFileType = sourcecode.c.objc; path = VisitingCardsForStoryBoardTests.m; sourceTree = "<group>"; };
		D5F9FAB21C97137E00A0760F /* Camera-50@1x.png */ = {isa = PBXFileReference; lastKnownFileType = image.png; path = "Camera-50@1x.png"; sourceTree = "<group>"; };
		D5F9FAB41C973E1A00A0760F /* Camera-50@2x.png */ = {isa = PBXFileReference; lastKnownFileType = image.png; path = "Camera-50@2x.png"; sourceTree = "<group>"; };
		D5F9FAB61C973F7400A0760F /* Contact Card-50@1x.png */ = {isa = PBXFileReference; lastKnownFileType = image.png; path = "Contact Card-50@1x.png"; sourceTree = "<group>"; };
		D5F9FAB81C973F8800A0760F /* Contact Card-50@2x.png */ = {isa = PBXFileReference; lastKnownFileType = image.png; path = "Contact Card-50@2x.png"; sourceTree = "<group>"; };
		D5F9FABA1C973FAC00A0760F /* Settings-50@1x.png */ = {isa = PBXFileReference; lastKnownFileType = image.png; path = "Settings-50@1x.png"; sourceTree = "<group>"; };
		D5F9FABC1C973FC200A0760F /* Settings-50@2x.png */ = {isa = PBXFileReference; lastKnownFileType = image.png; path = "Settings-50@2x.png"; sourceTree = "<group>"; };
		D5F9FABE1C975E1200A0760F /* Contact.h */ = {isa = PBXFileReference; fileEncoding = 4; lastKnownFileType = sourcecode.c.h; path = Contact.h; sourceTree = "<group>"; };
		D5F9FABF1C975E1200A0760F /* Contact.m */ = {isa = PBXFileReference; fileEncoding = 4; lastKnownFileType = sourcecode.c.objc; path = Contact.m; sourceTree = "<group>"; };
/* End PBXFileReference section */

/* Begin PBXFrameworksBuildPhase section */
		D5F9FA741C96F0E400A0760F /* Frameworks */ = {
			isa = PBXFrameworksBuildPhase;
			buildActionMask = 2147483647;
			files = (
			);
			runOnlyForDeploymentPostprocessing = 0;
		};
		D5F9FA901C96F0E400A0760F /* Frameworks */ = {
			isa = PBXFrameworksBuildPhase;
			buildActionMask = 2147483647;
			files = (
			);
			runOnlyForDeploymentPostprocessing = 0;
		};
/* End PBXFrameworksBuildPhase section */

/* Begin PBXGroup section */
		D509A9F61C997BD60068624D /* UI */ = {
			isa = PBXGroup;
			children = (
				D509A9F31C9948220068624D /* ContactsViewController.h */,
				D509A9F41C9948220068624D /* ContactsViewController.m */,
				D509A9F01C9947FB0068624D /* CameraViewController.h */,
				D509A9F11C9947FB0068624D /* CameraViewController.m */,
				D509A9ED1C9947E50068624D /* SetingsViewController.h */,
				D509A9EE1C9947E50068624D /* SetingsViewController.m */,
				D5DCB39E1CB2F1E500B89EB4 /* CreateContactViewController.h */,
				D5DCB39F1CB2F1E500B89EB4 /* CreateContactViewController.m */,
				D506340F1CB7F3C900008358 /* ContactCustomTableViewCell.h */,
				D50634101CB7F3C900008358 /* ContactCustomTableViewCell.m */,
			);
			name = UI;
			sourceTree = "<group>";
		};
		D509A9F71C99AAE90068624D /* Models */ = {
			isa = PBXGroup;
			children = (
				D5F9FABE1C975E1200A0760F /* Contact.h */,
				D5F9FABF1C975E1200A0760F /* Contact.m */,
			);
			name = Models;
			sourceTree = "<group>";
		};
		D5F9FA6E1C96F0E400A0760F = {
			isa = PBXGroup;
			children = (
				D5F9FA791C96F0E400A0760F /* VisitingCardsForStoryBoard */,
				D5F9FA961C96F0E400A0760F /* VisitingCardsForStoryBoardTests */,
				D5F9FA781C96F0E400A0760F /* Products */,
			);
			sourceTree = "<group>";
		};
		D5F9FA781C96F0E400A0760F /* Products */ = {
			isa = PBXGroup;
			children = (
				D5F9FA771C96F0E400A0760F /* VisitingCardsForStoryBoard.app */,
				D5F9FA931C96F0E400A0760F /* VisitingCardsForStoryBoardTests.xctest */,
			);
			name = Products;
			sourceTree = "<group>";
		};
		D5F9FA791C96F0E400A0760F /* VisitingCardsForStoryBoard */ = {
			isa = PBXGroup;
			children = (
				D509A9F71C99AAE90068624D /* Models */,
				D509A9F61C997BD60068624D /* UI */,
				D5F9FA7E1C96F0E400A0760F /* AppDelegate.h */,
				D5F9FA7F1C96F0E400A0760F /* AppDelegate.m */,
				D5F9FA841C96F0E400A0760F /* ViewController.h */,
				D5F9FA851C96F0E400A0760F /* ViewController.m */,
				D5F9FA871C96F0E400A0760F /* Main.storyboard */,
				D5F9FA8A1C96F0E400A0760F /* Images.xcassets */,
				D5F9FA8C1C96F0E400A0760F /* LaunchScreen.xib */,
				D5F9FA811C96F0E400A0760F /* VisitingCardsForStoryBoard.xcdatamodeld */,
				D5F9FAA31C96F90E00A0760F /* Images */,
				D5F9FA7A1C96F0E400A0760F /* Supporting Files */,
			);
			path = VisitingCardsForStoryBoard;
			sourceTree = "<group>";
		};
		D5F9FA7A1C96F0E400A0760F /* Supporting Files */ = {
			isa = PBXGroup;
			children = (
				D5F9FA7B1C96F0E400A0760F /* Info.plist */,
				D5F9FA7C1C96F0E400A0760F /* main.m */,
			);
			name = "Supporting Files";
			sourceTree = "<group>";
		};
		D5F9FA961C96F0E400A0760F /* VisitingCardsForStoryBoardTests */ = {
			isa = PBXGroup;
			children = (
				D5F9FA991C96F0E400A0760F /* VisitingCardsForStoryBoardTests.m */,
				D5F9FA971C96F0E400A0760F /* Supporting Files */,
			);
			path = VisitingCardsForStoryBoardTests;
			sourceTree = "<group>";
		};
		D5F9FA971C96F0E400A0760F /* Supporting Files */ = {
			isa = PBXGroup;
			children = (
				D5F9FA981C96F0E400A0760F /* Info.plist */,
			);
			name = "Supporting Files";
			sourceTree = "<group>";
		};
		D5F9FAA31C96F90E00A0760F /* Images */ = {
			isa = PBXGroup;
			children = (
				D5F9FABC1C973FC200A0760F /* Settings-50@2x.png */,
				D5F9FABA1C973FAC00A0760F /* Settings-50@1x.png */,
				D5F9FAB81C973F8800A0760F /* Contact Card-50@2x.png */,
				D5F9FAB61C973F7400A0760F /* Contact Card-50@1x.png */,
				D5F9FAB41C973E1A00A0760F /* Camera-50@2x.png */,
				D5F9FAB21C97137E00A0760F /* Camera-50@1x.png */,
			);
			name = Images;
			sourceTree = "<group>";
		};
/* End PBXGroup section */

/* Begin PBXNativeTarget section */
		D5F9FA761C96F0E400A0760F /* VisitingCardsForStoryBoard */ = {
			isa = PBXNativeTarget;
			buildConfigurationList = D5F9FA9D1C96F0E400A0760F /* Build configuration list for PBXNativeTarget "VisitingCardsForStoryBoard" */;
			buildPhases = (
				D5F9FA731C96F0E400A0760F /* Sources */,
				D5F9FA741C96F0E400A0760F /* Frameworks */,
				D5F9FA751C96F0E400A0760F /* Resources */,
			);
			buildRules = (
			);
			dependencies = (
			);
			name = VisitingCardsForStoryBoard;
			productName = VisitingCardsForStoryBoard;
			productReference = D5F9FA771C96F0E400A0760F /* VisitingCardsForStoryBoard.app */;
			productType = "com.apple.product-type.application";
		};
		D5F9FA921C96F0E400A0760F /* VisitingCardsForStoryBoardTests */ = {
			isa = PBXNativeTarget;
			buildConfigurationList = D5F9FAA01C96F0E400A0760F /* Build configuration list for PBXNativeTarget "VisitingCardsForStoryBoardTests" */;
			buildPhases = (
				D5F9FA8F1C96F0E400A0760F /* Sources */,
				D5F9FA901C96F0E400A0760F /* Frameworks */,
				D5F9FA911C96F0E400A0760F /* Resources */,
			);
			buildRules = (
			);
			dependencies = (
				D5F9FA951C96F0E400A0760F /* PBXTargetDependency */,
			);
			name = VisitingCardsForStoryBoardTests;
			productName = VisitingCardsForStoryBoardTests;
			productReference = D5F9FA931C96F0E400A0760F /* VisitingCardsForStoryBoardTests.xctest */;
			productType = "com.apple.product-type.bundle.unit-test";
		};
/* End PBXNativeTarget section */

/* Begin PBXProject section */
		D5F9FA6F1C96F0E400A0760F /* Project object */ = {
			isa = PBXProject;
			attributes = {
				LastUpgradeCheck = 0630;
				ORGANIZATIONNAME = "Vitaliy Horodecky";
				TargetAttributes = {
					D5F9FA761C96F0E400A0760F = {
						CreatedOnToolsVersion = 6.3.2;
					};
					D5F9FA921C96F0E400A0760F = {
						CreatedOnToolsVersion = 6.3.2;
						TestTargetID = D5F9FA761C96F0E400A0760F;
					};
				};
			};
			buildConfigurationList = D5F9FA721C96F0E400A0760F /* Build configuration list for PBXProject "VisitingCardsForStoryBoard" */;
			compatibilityVersion = "Xcode 3.2";
			developmentRegion = English;
			hasScannedForEncodings = 0;
			knownRegions = (
				en,
				Base,
			);
			mainGroup = D5F9FA6E1C96F0E400A0760F;
			productRefGroup = D5F9FA781C96F0E400A0760F /* Products */;
			projectDirPath = "";
			projectRoot = "";
			targets = (
				D5F9FA761C96F0E400A0760F /* VisitingCardsForStoryBoard */,
				D5F9FA921C96F0E400A0760F /* VisitingCardsForStoryBoardTests */,
			);
		};
/* End PBXProject section */

/* Begin PBXResourcesBuildPhase section */
		D5F9FA751C96F0E400A0760F /* Resources */ = {
			isa = PBXResourcesBuildPhase;
			buildActionMask = 2147483647;
			files = (
				D5F9FA891C96F0E400A0760F /* Main.storyboard in Resources */,
				D5F9FA8E1C96F0E400A0760F /* LaunchScreen.xib in Resources */,
				D5F9FAB91C973F8800A0760F /* Contact Card-50@2x.png in Resources */,
				D5F9FA8B1C96F0E400A0760F /* Images.xcassets in Resources */,
				D5F9FAB31C97137E00A0760F /* Camera-50@1x.png in Resources */,
				D5F9FABB1C973FAC00A0760F /* Settings-50@1x.png in Resources */,
				D5F9FAB71C973F7400A0760F /* Contact Card-50@1x.png in Resources */,
				D5F9FABD1C973FC200A0760F /* Settings-50@2x.png in Resources */,
				D5F9FAB51C973E1A00A0760F /* Camera-50@2x.png in Resources */,
			);
			runOnlyForDeploymentPostprocessing = 0;
		};
		D5F9FA911C96F0E400A0760F /* Resources */ = {
			isa = PBXResourcesBuildPhase;
			buildActionMask = 2147483647;
			files = (
			);
			runOnlyForDeploymentPostprocessing = 0;
		};
/* End PBXResourcesBuildPhase section */

/* Begin PBXSourcesBuildPhase section */
		D5F9FA731C96F0E400A0760F /* Sources */ = {
			isa = PBXSourcesBuildPhase;
			buildActionMask = 2147483647;
			files = (
				D5DCB3A01CB2F1E500B89EB4 /* CreateContactViewController.m in Sources */,
				D5F9FA801C96F0E400A0760F /* AppDelegate.m in Sources */,
				D509A9F51C9948220068624D /* ContactsViewController.m in Sources */,
				D5F9FA831C96F0E400A0760F /* VisitingCardsForStoryBoard.xcdatamodeld in Sources */,
				D509A9EF1C9947E50068624D /* SetingsViewController.m in Sources */,
				D5F9FAC01C975E1200A0760F /* Contact.m in Sources */,
				D5F9FA861C96F0E400A0760F /* ViewController.m in Sources */,
				D509A9F21C9947FB0068624D /* CameraViewController.m in Sources */,
				D5F9FA7D1C96F0E400A0760F /* main.m in Sources */,
				D50634111CB7F3C900008358 /* ContactCustomTableViewCell.m in Sources */,
			);
			runOnlyForDeploymentPostprocessing = 0;
		};
		D5F9FA8F1C96F0E400A0760F /* Sources */ = {
			isa = PBXSourcesBuildPhase;
			buildActionMask = 2147483647;
			files = (
				D5F9FA9A1C96F0E400A0760F /* VisitingCardsForStoryBoardTests.m in Sources */,
			);
			runOnlyForDeploymentPostprocessing = 0;
		};
/* End PBXSourcesBuildPhase section */

/* Begin PBXTargetDependency section */
		D5F9FA951C96F0E400A0760F /* PBXTargetDependency */ = {
			isa = PBXTargetDependency;
			target = D5F9FA761C96F0E400A0760F /* VisitingCardsForStoryBoard */;
			targetProxy = D5F9FA941C96F0E400A0760F /* PBXContainerItemProxy */;
		};
/* End PBXTargetDependency section */

/* Begin PBXVariantGroup section */
		D5F9FA871C96F0E400A0760F /* Main.storyboard */ = {
			isa = PBXVariantGroup;
			children = (
				D5F9FA881C96F0E400A0760F /* Base */,
			);
			name = Main.storyboard;
			sourceTree = "<group>";
		};
		D5F9FA8C1C96F0E400A0760F /* LaunchScreen.xib */ = {
			isa = PBXVariantGroup;
			children = (
				D5F9FA8D1C96F0E400A0760F /* Base */,
			);
			name = LaunchScreen.xib;
			sourceTree = "<group>";
		};
/* End PBXVariantGroup section */

/* Begin XCBuildConfiguration section */
		D5F9FA9B1C96F0E400A0760F /* Debug */ = {
			isa = XCBuildConfiguration;
			buildSettings = {
				ALWAYS_SEARCH_USER_PATHS = NO;
				CLANG_CXX_LANGUAGE_STANDARD = "gnu++0x";
				CLANG_CXX_LIBRARY = "libc++";
				CLANG_ENABLE_MODULES = YES;
				CLANG_ENABLE_OBJC_ARC = YES;
				CLANG_WARN_BOOL_CONVERSION = YES;
				CLANG_WARN_CONSTANT_CONVERSION = YES;
				CLANG_WARN_DIRECT_OBJC_ISA_USAGE = YES_ERROR;
				CLANG_WARN_EMPTY_BODY = YES;
				CLANG_WARN_ENUM_CONVERSION = YES;
				CLANG_WARN_INT_CONVERSION = YES;
				CLANG_WARN_OBJC_ROOT_CLASS = YES_ERROR;
				CLANG_WARN_UNREACHABLE_CODE = YES;
				CLANG_WARN__DUPLICATE_METHOD_MATCH = YES;
				"CODE_SIGN_IDENTITY[sdk=iphoneos*]" = "iPhone Developer";
				COPY_PHASE_STRIP = NO;
				DEBUG_INFORMATION_FORMAT = "dwarf-with-dsym";
				ENABLE_STRICT_OBJC_MSGSEND = YES;
				GCC_C_LANGUAGE_STANDARD = gnu99;
				GCC_DYNAMIC_NO_PIC = NO;
				GCC_NO_COMMON_BLOCKS = YES;
				GCC_OPTIMIZATION_LEVEL = 0;
				GCC_PREPROCESSOR_DEFINITIONS = (
					"DEBUG=1",
					"$(inherited)",
				);
				GCC_SYMBOLS_PRIVATE_EXTERN = NO;
				GCC_WARN_64_TO_32_BIT_CONVERSION = YES;
				GCC_WARN_ABOUT_RETURN_TYPE = YES_ERROR;
				GCC_WARN_UNDECLARED_SELECTOR = YES;
				GCC_WARN_UNINITIALIZED_AUTOS = YES_AGGRESSIVE;
				GCC_WARN_UNUSED_FUNCTION = YES;
				GCC_WARN_UNUSED_VARIABLE = YES;
				IPHONEOS_DEPLOYMENT_TARGET = 8.3;
				MTL_ENABLE_DEBUG_INFO = YES;
				ONLY_ACTIVE_ARCH = YES;
				SDKROOT = iphoneos;
				TARGETED_DEVICE_FAMILY = "1,2";
			};
			name = Debug;
		};
		D5F9FA9C1C96F0E400A0760F /* Release */ = {
			isa = XCBuildConfiguration;
			buildSettings = {
				ALWAYS_SEARCH_USER_PATHS = NO;
				CLANG_CXX_LANGUAGE_STANDARD = "gnu++0x";
				CLANG_CXX_LIBRARY = "libc++";
				CLANG_ENABLE_MODULES = YES;
				CLANG_ENABLE_OBJC_ARC = YES;
				CLANG_WARN_BOOL_CONVERSION = YES;
				CLANG_WARN_CONSTANT_CONVERSION = YES;
				CLANG_WARN_DIRECT_OBJC_ISA_USAGE = YES_ERROR;
				CLANG_WARN_EMPTY_BODY = YES;
				CLANG_WARN_ENUM_CONVERSION = YES;
				CLANG_WARN_INT_CONVERSION = YES;
				CLANG_WARN_OBJC_ROOT_CLASS = YES_ERROR;
				CLANG_WARN_UNREACHABLE_CODE = YES;
				CLANG_WARN__DUPLICATE_METHOD_MATCH = YES;
				"CODE_SIGN_IDENTITY[sdk=iphoneos*]" = "iPhone Developer";
				COPY_PHASE_STRIP = NO;
				DEBUG_INFORMATION_FORMAT = "dwarf-with-dsym";
				ENABLE_NS_ASSERTIONS = NO;
				ENABLE_STRICT_OBJC_MSGSEND = YES;
				GCC_C_LANGUAGE_STANDARD = gnu99;
				GCC_NO_COMMON_BLOCKS = YES;
				GCC_WARN_64_TO_32_BIT_CONVERSION = YES;
				GCC_WARN_ABOUT_RETURN_TYPE = YES_ERROR;
				GCC_WARN_UNDECLARED_SELECTOR = YES;
				GCC_WARN_UNINITIALIZED_AUTOS = YES_AGGRESSIVE;
				GCC_WARN_UNUSED_FUNCTION = YES;
				GCC_WARN_UNUSED_VARIABLE = YES;
				IPHONEOS_DEPLOYMENT_TARGET = 8.3;
				MTL_ENABLE_DEBUG_INFO = NO;
				SDKROOT = iphoneos;
				TARGETED_DEVICE_FAMILY = "1,2";
				VALIDATE_PRODUCT = YES;
			};
			name = Release;
		};
		D5F9FA9E1C96F0E400A0760F /* Debug */ = {
			isa = XCBuildConfiguration;
			buildSettings = {
				ASSETCATALOG_COMPILER_APPICON_NAME = AppIcon;
				INFOPLIST_FILE = VisitingCardsForStoryBoard/Info.plist;
				LD_RUNPATH_SEARCH_PATHS = "$(inherited) @executable_path/Frameworks";
				PRODUCT_NAME = "$(TARGET_NAME)";
			};
			name = Debug;
		};
		D5F9FA9F1C96F0E400A0760F /* Release */ = {
			isa = XCBuildConfiguration;
			buildSettings = {
				ASSETCATALOG_COMPILER_APPICON_NAME = AppIcon;
				INFOPLIST_FILE = VisitingCardsForStoryBoard/Info.plist;
				LD_RUNPATH_SEARCH_PATHS = "$(inherited) @executable_path/Frameworks";
				PRODUCT_NAME = "$(TARGET_NAME)";
			};
			name = Release;
		};
		D5F9FAA11C96F0E400A0760F /* Debug */ = {
			isa = XCBuildConfiguration;
			buildSettings = {
				BUNDLE_LOADER = "$(TEST_HOST)";
				FRAMEWORK_SEARCH_PATHS = (
					"$(SDKROOT)/Developer/Library/Frameworks",
					"$(inherited)",
				);
				GCC_PREPROCESSOR_DEFINITIONS = (
					"DEBUG=1",
					"$(inherited)",
				);
				INFOPLIST_FILE = VisitingCardsForStoryBoardTests/Info.plist;
				LD_RUNPATH_SEARCH_PATHS = "$(inherited) @executable_path/Frameworks @loader_path/Frameworks";
				PRODUCT_NAME = "$(TARGET_NAME)";
				TEST_HOST = "$(BUILT_PRODUCTS_DIR)/VisitingCardsForStoryBoard.app/VisitingCardsForStoryBoard";
			};
			name = Debug;
		};
		D5F9FAA21C96F0E400A0760F /* Release */ = {
			isa = XCBuildConfiguration;
			buildSettings = {
				BUNDLE_LOADER = "$(TEST_HOST)";
				FRAMEWORK_SEARCH_PATHS = (
					"$(SDKROOT)/Developer/Library/Frameworks",
					"$(inherited)",
				);
				INFOPLIST_FILE = VisitingCardsForStoryBoardTests/Info.plist;
				LD_RUNPATH_SEARCH_PATHS = "$(inherited) @executable_path/Frameworks @loader_path/Frameworks";
				PRODUCT_NAME = "$(TARGET_NAME)";
				TEST_HOST = "$(BUILT_PRODUCTS_DIR)/VisitingCardsForStoryBoard.app/VisitingCardsForStoryBoard";
			};
			name = Release;
		};
/* End XCBuildConfiguration section */

/* Begin XCConfigurationList section */
		D5F9FA721C96F0E400A0760F /* Build configuration list for PBXProject "VisitingCardsForStoryBoard" */ = {
			isa = XCConfigurationList;
			buildConfigurations = (
				D5F9FA9B1C96F0E400A0760F /* Debug */,
				D5F9FA9C1C96F0E400A0760F /* Release */,
			);
			defaultConfigurationIsVisible = 0;
			defaultConfigurationName = Release;
		};
		D5F9FA9D1C96F0E400A0760F /* Build configuration list for PBXNativeTarget "VisitingCardsForStoryBoard" */ = {
			isa = XCConfigurationList;
			buildConfigurations = (
				D5F9FA9E1C96F0E400A0760F /* Debug */,
				D5F9FA9F1C96F0E400A0760F /* Release */,
			);
			defaultConfigurationIsVisible = 0;
			defaultConfigurationName = Release;
		};
		D5F9FAA01C96F0E400A0760F /* Build configuration list for PBXNativeTarget "VisitingCardsForStoryBoardTests" */ = {
			isa = XCConfigurationList;
			buildConfigurations = (
				D5F9FAA11C96F0E400A0760F /* Debug */,
				D5F9FAA21C96F0E400A0760F /* Release */,
			);
			defaultConfigurationIsVisible = 0;
			defaultConfigurationName = Release;
		};
/* End XCConfigurationList section */

/* Begin XCVersionGroup section */
		D5F9FA811C96F0E400A0760F /* VisitingCardsForStoryBoard.xcdatamodeld */ = {
			isa = XCVersionGroup;
			children = (
				D5F9FA821C96F0E400A0760F /* VisitingCardsForStoryBoard.xcdatamodel */,
			);
			currentVersion = D5F9FA821C96F0E400A0760F /* VisitingCardsForStoryBoard.xcdatamodel */;
			path = VisitingCardsForStoryBoard.xcdatamodeld;
			sourceTree = "<group>";
			versionGroupType = wrapper.xcdatamodel;
		};
/* End XCVersionGroup section */
	};
	rootObject = D5F9FA6F1C96F0E400A0760F /* Project object */;
}
